{
  "requires": true,
  "lockfileVersion": 1,
  "dependencies": {
    "cart-localstorage": {
      "version": "1.1.5",
      "resolved": "https://registry.npmjs.org/cart-localstorage/-/cart-localstorage-1.1.5.tgz",
      "integrity": "sha512-1LsiGklIV9bRj4qnT21HHMG6AGBzfH5Xu611H4FaNklx5Y7vq8vecKGMW9oxDpjoCga/NWAQ0mj/tYqfgTLqeg=="
    },
    "shopify-buy": {
      "version": "2.11.0",
      "resolved": "https://registry.npmjs.org/shopify-buy/-/shopify-buy-2.11.0.tgz",
      "integrity": "sha512-bGjS1b/VCPvCjazSstlKwgLtK1WBotWom06/12loja8yfo/cWkLuJsakBbQe1uEIDiOLhKaR0M0CAXZFheYDug=="
    }
  }
}
