{
  "requires": true,
  "lockfileVersion": 1,
  "dependencies": {
    "cart-localstorage": {
      "version": "1.1.5",
      "resolved": "https://registry.npmjs.org/cart-localstorage/-/cart-localstorage-1.1.5.tgz",
      "integrity": "sha512-1LsiGklIV9bRj4qnT21HHMG6AGBzfH5Xu611H4FaNklx5Y7vq8vecKGMW9oxDpjoCga/NWAQ0mj/tYqfgTLqeg=="
    }
  }
}
